
Microsoft Visual Studio Solution File, Format Version 12.00
# Visual Studio Version 16
VisualStudioVersion = 16.0.30011.22
MinimumVisualStudioVersion = 10.0.40219.1
Project("{FAE04EC0-301F-11D3-BF4B-00C04F79EFBC}") = "NetFrameworkAssembly", "NetFrameworkAssembly\NetFrameworkAssembly.csproj", "{0760B8F9-809C-46DE-9B05-4B45CBECEB94}"
EndProject
Project("{9A19103F-16F7-4668-BE54-9A1E7A4F7556}") = "NetStandardAssembly", "NetStandardAssembly\NetStandardAssembly.csproj", "{490F2923-6139-4E61-AC34-AF4FBF1C8472}"
EndProject
Project("{9A19103F-16F7-4668-BE54-9A1E7A4F7556}") = "NetCoreWebApp", "NetCoreWebApp\NetCoreWebApp.csproj", "{E11EF785-A165-44AC-88EC-DDC5D03FF450}"
EndProject
Global
	GlobalSection(SolutionConfigurationPlatforms) = preSolution
		Debug|Any CPU = Debug|Any CPU
		Release|Any CPU = Release|Any CPU
	EndGlobalSection
	GlobalSection(ProjectConfigurationPlatforms) = postSolution
		{0760B8F9-809C-46DE-9B05-4B45CBECEB94}.Debug|Any CPU.ActiveCfg = Debug|Any CPU
		{0760B8F9-809C-46DE-9B05-4B45CBECEB94}.Debug|Any CPU.Build.0 = Debug|Any CPU
		{0760B8F9-809C-46DE-9B05-4B45CBECEB94}.Release|Any CPU.ActiveCfg = Release|Any CPU
		{0760B8F9-809C-46DE-9B05-4B45CBECEB94}.Release|Any CPU.Build.0 = Release|Any CPU
		{490F2923-6139-4E61-AC34-AF4FBF1C8472}.Debug|Any CPU.ActiveCfg = Debug|Any CPU
		{490F2923-6139-4E61-AC34-AF4FBF1C8472}.Debug|Any CPU.Build.0 = Debug|Any CPU
		{490F2923-6139-4E61-AC34-AF4FBF1C8472}.Release|Any CPU.ActiveCfg = Release|Any CPU
		{490F2923-6139-4E61-AC34-AF4FBF1C8472}.Release|Any CPU.Build.0 = Release|Any CPU
		{E11EF785-A165-44AC-88EC-DDC5D03FF450}.Debug|Any CPU.ActiveCfg = Debug|Any CPU
		{E11EF785-A165-44AC-88EC-DDC5D03FF450}.Debug|Any CPU.Build.0 = Debug|Any CPU
		{E11EF785-A165-44AC-88EC-DDC5D03FF450}.Release|Any CPU.ActiveCfg = Release|Any CPU
		{E11EF785-A165-44AC-88EC-DDC5D03FF450}.Release|Any CPU.Build.0 = Release|Any CPU
	EndGlobalSection
	GlobalSection(SolutionProperties) = preSolution
		HideSolutionNode = FALSE
	EndGlobalSection
	GlobalSection(ExtensibilityGlobals) = postSolution
		SolutionGuid = {BDE147BC-04DF-47A0-AD36-48C20A187793}
	EndGlobalSection
EndGlobal
